
Microsoft Visual Studio Solution File, Format Version 12.00
# Visual Studio Version 17
VisualStudioVersion = 17.5.33530.505
MinimumVisualStudioVersion = 10.0.40219.1
Project("{FAE04EC0-301F-11D3-BF4B-00C04F79EFBC}") = "15. For Loop", "15. For Loop.csproj", "{51692873-5881-4822-B4B0-AED926829C96}"
EndProject
Global
	GlobalSection(SolutionConfigurationPlatforms) = preSolution
		Debug|Any CPU = Debug|Any CPU
		Release|Any CPU = Release|Any CPU
	EndGlobalSection
	GlobalSection(ProjectConfigurationPlatforms) = postSolution
		{51692873-5881-4822-B4B0-AED926829C96}.Debug|Any CPU.ActiveCfg = Debug|Any CPU
		{51692873-5881-4822-B4B0-AED926829C96}.Debug|Any CPU.Build.0 = Debug|Any CPU
		{51692873-5881-4822-B4B0-AED926829C96}.Release|Any CPU.ActiveCfg = Release|Any CPU
		{51692873-5881-4822-B4B0-AED926829C96}.Release|Any CPU.Build.0 = Release|Any CPU
	EndGlobalSection
	GlobalSection(SolutionProperties) = preSolution
		HideSolutionNode = FALSE
	EndGlobalSection
	GlobalSection(ExtensibilityGlobals) = postSolution
		SolutionGuid = {A28325C8-BB76-447A-8E9B-AC618EE2473C}
	EndGlobalSection
EndGlobal
